
Microsoft Visual Studio Solution File, Format Version 12.00
# Visual Studio Version 17
VisualStudioVersion = 17.11.35327.3
MinimumVisualStudioVersion = 10.0.40219.1
Project("{FAE04EC0-301F-11D3-BF4B-00C04F79EFBC}") = "GrowthofaPopulationEx", "GrowthofaPopulationEx\GrowthofaPopulationEx.csproj", "{D334B192-7A8C-40F1-A3BB-424AF873914D}"
EndProject
Global
	GlobalSection(SolutionConfigurationPlatforms) = preSolution
		Debug|Any CPU = Debug|Any CPU
		Release|Any CPU = Release|Any CPU
	EndGlobalSection
	GlobalSection(ProjectConfigurationPlatforms) = postSolution
		{D334B192-7A8C-40F1-A3BB-424AF873914D}.Debug|Any CPU.ActiveCfg = Debug|Any CPU
		{D334B192-7A8C-40F1-A3BB-424AF873914D}.Debug|Any CPU.Build.0 = Debug|Any CPU
		{D334B192-7A8C-40F1-A3BB-424AF873914D}.Release|Any CPU.ActiveCfg = Release|Any CPU
		{D334B192-7A8C-40F1-A3BB-424AF873914D}.Release|Any CPU.Build.0 = Release|Any CPU
	EndGlobalSection
	GlobalSection(SolutionProperties) = preSolution
		HideSolutionNode = FALSE
	EndGlobalSection
	GlobalSection(ExtensibilityGlobals) = postSolution
		SolutionGuid = {EDA71611-2D8B-42CE-BF15-BF54A88A5656}
	EndGlobalSection
EndGlobal
